{
  "object": {
    "pins": [
      {
        "package": "Get",
        "repositoryURL": "https://github.com/kean/Get",
        "state": {
          "branch": "0.5.0",
          "revision": "068b400e3850f0953ec25d11d3a3893c4538ffd5",
          "version": null
        }
      },
      {
        "package": "HTTPHeaders",
        "repositoryURL": "https://github.com/kean/HTTPHeaders",
        "state": {
          "branch": "0.0.1",
          "revision": "5068a6dacf890ee547d73786ebf6b06cb84da110",
          "version": null
        }
      },
      {
        "package": "Mocker",
        "repositoryURL": "https://github.com/WeTransfer/Mocker.git",
        "state": {
          "branch": "2.5.5",
          "revision": "077c52a31f5ebb649ebe546cc77d8647760b2279",
          "version": null
        }
      },
      {
        "package": "NaiveDate",
        "repositoryURL": "https://github.com/kean/NaiveDate",
        "state": {
          "branch": "1.0.0",
          "revision": "08fad5d02e9117f6cea96096c5951e445aa710b1",
          "version": null
        }
      },
      {
        "package": "URLQueryEncoder",
        "repositoryURL": "https://github.com/kean/URLQueryEncoder",
        "state": {
          "branch": "0.2.0",
          "revision": "4cc975d4d075d0e62699a796a08284e217d4ee93",
          "version": null
        }
      }
    ]
  },
  "version": 1
}
